
Microsoft Visual Studio Solution File, Format Version 12.00
# Visual Studio Version 17
VisualStudioVersion = 17.13.35919.96 d17.13
MinimumVisualStudioVersion = 10.0.40219.1
Project("{2150E333-8FDC-42A3-9474-1A3956D46DE8}") = "Stub", "Stub", "{02EA681E-C7D8-13C7-8484-4AC65E1B71E8}"
EndProject
Project("{FAE04EC0-301F-11D3-BF4B-00C04F79EFBC}") = "UKHO.FmEssFssMock.API", "..\UKHO.FmEssFssMock.API\UKHO.FmEssFssMock.API\UKHO.FmEssFssMock.API.csproj", "{39FFF4BD-9945-E861-7443-DDA9F5368260}"
EndProject
Project("{FAE04EC0-301F-11D3-BF4B-00C04F79EFBC}") = "UKHO.PKSWireMock.API", "..\UKHO.PKSWireMockService.API\UKHO.PKSWireMock.API.csproj", "{B5D9D58E-99AE-EE15-1373-087D594056E9}"
EndProject
Global
	GlobalSection(SolutionConfigurationPlatforms) = preSolution
		Debug|Any CPU = Debug|Any CPU
		Release|Any CPU = Release|Any CPU
	EndGlobalSection
	GlobalSection(ProjectConfigurationPlatforms) = postSolution
		{39FFF4BD-9945-E861-7443-DDA9F5368260}.Debug|Any CPU.ActiveCfg = Debug|Any CPU
		{39FFF4BD-9945-E861-7443-DDA9F5368260}.Debug|Any CPU.Build.0 = Debug|Any CPU
		{39FFF4BD-9945-E861-7443-DDA9F5368260}.Release|Any CPU.ActiveCfg = Release|Any CPU
		{39FFF4BD-9945-E861-7443-DDA9F5368260}.Release|Any CPU.Build.0 = Release|Any CPU
		{B5D9D58E-99AE-EE15-1373-087D594056E9}.Debug|Any CPU.ActiveCfg = Debug|Any CPU
		{B5D9D58E-99AE-EE15-1373-087D594056E9}.Debug|Any CPU.Build.0 = Debug|Any CPU
		{B5D9D58E-99AE-EE15-1373-087D594056E9}.Release|Any CPU.ActiveCfg = Release|Any CPU
		{B5D9D58E-99AE-EE15-1373-087D594056E9}.Release|Any CPU.Build.0 = Release|Any CPU
	EndGlobalSection
	GlobalSection(SolutionProperties) = preSolution
		HideSolutionNode = FALSE
	EndGlobalSection
	GlobalSection(NestedProjects) = preSolution
		{39FFF4BD-9945-E861-7443-DDA9F5368260} = {02EA681E-C7D8-13C7-8484-4AC65E1B71E8}
		{B5D9D58E-99AE-EE15-1373-087D594056E9} = {02EA681E-C7D8-13C7-8484-4AC65E1B71E8}
	EndGlobalSection
	GlobalSection(ExtensibilityGlobals) = postSolution
		SolutionGuid = {73FAE6DC-A5B8-4117-9B05-0ADF07C8036E}
	EndGlobalSection
EndGlobal
