
Microsoft Visual Studio Solution File, Format Version 12.00
# Visual Studio Version 17
VisualStudioVersion = 17.1.32210.238
MinimumVisualStudioVersion = 10.0.40219.1
Project("{2150E333-8FDC-42A3-9474-1A3956D46DE8}") = "WebJobs", "WebJobs", "{1592E1AE-C3E7-46D6-B0A6-15785835EBD2}"
EndProject
Project("{9A19103F-16F7-4668-BE54-9A1E7A4F7556}") = "UKHO.PeriodicOutputService.Fulfilment", "UKHO.PeriodicOutputService.Fulfilment\UKHO.PeriodicOutputService.Fulfilment.csproj", "{0424FA31-5242-4F3C-B194-97816CF60ED4}"
EndProject
Project("{9A19103F-16F7-4668-BE54-9A1E7A4F7556}") = "UKHO.PeriodicOutputService.Common", "UKHO.PeriodicOutputService.Common\UKHO.PeriodicOutputService.Common.csproj", "{0C5EB31F-A03F-4141-BFD4-DA62FECCFC93}"
EndProject
Project("{2150E333-8FDC-42A3-9474-1A3956D46DE8}") = "Tests", "Tests", "{0316516B-C6E9-47BF-9305-3E566EB1EC55}"
EndProject
Project("{9A19103F-16F7-4668-BE54-9A1E7A4F7556}") = "UKHO.PeriodicOutputService.Fulfilment.UnitTests", "UKHO.PeriodicOutputService.Fulfilment.UnitTests\UKHO.PeriodicOutputService.Fulfilment.UnitTests.csproj", "{9C526F75-05C6-4C17-871B-D8D95F19F633}"
EndProject
Project("{9A19103F-16F7-4668-BE54-9A1E7A4F7556}") = "UKHO.PeriodicOutputService.API.FunctionalTests", "UKHO.PeriodicOutputService.API.FunctionalTests\UKHO.PeriodicOutputService.API.FunctionalTests.csproj", "{2BD7B957-DCFF-4F22-B179-331E12A133BD}"
EndProject
Project("{9A19103F-16F7-4668-BE54-9A1E7A4F7556}") = "UKHO.AdmiraltyInformationOverlay.Fulfilment", "UKHO.AdmiraltyInformationOverlay.Fulfilment\UKHO.AdmiraltyInformationOverlay.Fulfilment.csproj", "{4944E3A9-1AB1-46ED-90CA-FECBF55A344B}"
EndProject
Project("{FAE04EC0-301F-11D3-BF4B-00C04F79EFBC}") = "UKHO.AdmiraltyInformationOverlay.Fulfilment.UnitTests", "UKHO.AdmiraltyInformationOverlay.Fulfilment.UnitTests\UKHO.AdmiraltyInformationOverlay.Fulfilment.UnitTests.csproj", "{2BCA809E-C52D-4A05-9CC5-9F785DFA0F44}"
EndProject
Project("{FAE04EC0-301F-11D3-BF4B-00C04F79EFBC}") = "UKHO.BESS.ConfigurationService", "UKHO.BESS.ConfigurationService\UKHO.BESS.ConfigurationService.csproj", "{E06531A8-1851-43F3-A0A4-3606AEAB7984}"
EndProject
Global
	GlobalSection(SolutionConfigurationPlatforms) = preSolution
		Debug|Any CPU = Debug|Any CPU
		Release|Any CPU = Release|Any CPU
	EndGlobalSection
	GlobalSection(ProjectConfigurationPlatforms) = postSolution
		{0424FA31-5242-4F3C-B194-97816CF60ED4}.Debug|Any CPU.ActiveCfg = Debug|Any CPU
		{0424FA31-5242-4F3C-B194-97816CF60ED4}.Debug|Any CPU.Build.0 = Debug|Any CPU
		{0424FA31-5242-4F3C-B194-97816CF60ED4}.Release|Any CPU.ActiveCfg = Release|Any CPU
		{0424FA31-5242-4F3C-B194-97816CF60ED4}.Release|Any CPU.Build.0 = Release|Any CPU
		{0C5EB31F-A03F-4141-BFD4-DA62FECCFC93}.Debug|Any CPU.ActiveCfg = Debug|Any CPU
		{0C5EB31F-A03F-4141-BFD4-DA62FECCFC93}.Debug|Any CPU.Build.0 = Debug|Any CPU
		{0C5EB31F-A03F-4141-BFD4-DA62FECCFC93}.Release|Any CPU.ActiveCfg = Release|Any CPU
		{0C5EB31F-A03F-4141-BFD4-DA62FECCFC93}.Release|Any CPU.Build.0 = Release|Any CPU
		{9C526F75-05C6-4C17-871B-D8D95F19F633}.Debug|Any CPU.ActiveCfg = Debug|Any CPU
		{9C526F75-05C6-4C17-871B-D8D95F19F633}.Debug|Any CPU.Build.0 = Debug|Any CPU
		{9C526F75-05C6-4C17-871B-D8D95F19F633}.Release|Any CPU.ActiveCfg = Release|Any CPU
		{9C526F75-05C6-4C17-871B-D8D95F19F633}.Release|Any CPU.Build.0 = Release|Any CPU
		{2BD7B957-DCFF-4F22-B179-331E12A133BD}.Debug|Any CPU.ActiveCfg = Debug|Any CPU
		{2BD7B957-DCFF-4F22-B179-331E12A133BD}.Debug|Any CPU.Build.0 = Debug|Any CPU
		{2BD7B957-DCFF-4F22-B179-331E12A133BD}.Release|Any CPU.ActiveCfg = Release|Any CPU
		{2BD7B957-DCFF-4F22-B179-331E12A133BD}.Release|Any CPU.Build.0 = Release|Any CPU
		{4944E3A9-1AB1-46ED-90CA-FECBF55A344B}.Debug|Any CPU.ActiveCfg = Debug|Any CPU
		{4944E3A9-1AB1-46ED-90CA-FECBF55A344B}.Debug|Any CPU.Build.0 = Debug|Any CPU
		{4944E3A9-1AB1-46ED-90CA-FECBF55A344B}.Release|Any CPU.ActiveCfg = Release|Any CPU
		{4944E3A9-1AB1-46ED-90CA-FECBF55A344B}.Release|Any CPU.Build.0 = Release|Any CPU
		{2BCA809E-C52D-4A05-9CC5-9F785DFA0F44}.Debug|Any CPU.ActiveCfg = Debug|Any CPU
		{2BCA809E-C52D-4A05-9CC5-9F785DFA0F44}.Debug|Any CPU.Build.0 = Debug|Any CPU
		{2BCA809E-C52D-4A05-9CC5-9F785DFA0F44}.Release|Any CPU.ActiveCfg = Release|Any CPU
		{2BCA809E-C52D-4A05-9CC5-9F785DFA0F44}.Release|Any CPU.Build.0 = Release|Any CPU
		{E06531A8-1851-43F3-A0A4-3606AEAB7984}.Debug|Any CPU.ActiveCfg = Debug|Any CPU
		{E06531A8-1851-43F3-A0A4-3606AEAB7984}.Debug|Any CPU.Build.0 = Debug|Any CPU
		{E06531A8-1851-43F3-A0A4-3606AEAB7984}.Release|Any CPU.ActiveCfg = Release|Any CPU
		{E06531A8-1851-43F3-A0A4-3606AEAB7984}.Release|Any CPU.Build.0 = Release|Any CPU
	EndGlobalSection
	GlobalSection(SolutionProperties) = preSolution
		HideSolutionNode = FALSE
	EndGlobalSection
	GlobalSection(NestedProjects) = preSolution
		{0424FA31-5242-4F3C-B194-97816CF60ED4} = {1592E1AE-C3E7-46D6-B0A6-15785835EBD2}
		{9C526F75-05C6-4C17-871B-D8D95F19F633} = {0316516B-C6E9-47BF-9305-3E566EB1EC55}
		{2BD7B957-DCFF-4F22-B179-331E12A133BD} = {0316516B-C6E9-47BF-9305-3E566EB1EC55}
		{4944E3A9-1AB1-46ED-90CA-FECBF55A344B} = {1592E1AE-C3E7-46D6-B0A6-15785835EBD2}
		{2BCA809E-C52D-4A05-9CC5-9F785DFA0F44} = {0316516B-C6E9-47BF-9305-3E566EB1EC55}
		{E06531A8-1851-43F3-A0A4-3606AEAB7984} = {1592E1AE-C3E7-46D6-B0A6-15785835EBD2}
	EndGlobalSection
	GlobalSection(ExtensibilityGlobals) = postSolution
		SolutionGuid = {3412128A-AFD7-431C-AA35-E39C4668DC9F}
	EndGlobalSection
EndGlobal
